// !$*UTF8*$!
{
	archiveVersion = 1;
	classes = {
	};
	objectVersion = 50;
	objects = {

/* Begin PBXBuildFile section */
		6962654A22D8255700FFF803 /* Profile.storyboard in Resources */ = {isa = PBXBuildFile; fileRef = 6962654922D8255700FFF803 /* Profile.storyboard */; };
		6962654C22D8256800FFF803 /* ProfileViewController.swift in Sources */ = {isa = PBXBuildFile; fileRef = 6962654B22D8256800FFF803 /* ProfileViewController.swift */; };
		6962655222D82CCB00FFF803 /* CustomButton.swift in Sources */ = {isa = PBXBuildFile; fileRef = 6962655122D82CCB00FFF803 /* CustomButton.swift */; };
		6962655422D830D400FFF803 /* CustomCircle.swift in Sources */ = {isa = PBXBuildFile; fileRef = 6962655322D830D400FFF803 /* CustomCircle.swift */; };
		6BF21B46B046A07C220806A7 /* Pods_JamFlight.framework in Frameworks */ = {isa = PBXBuildFile; fileRef = 3B30BBCBBA169138E24900AA /* Pods_JamFlight.framework */; };
		F640AA4C22D625A600C8FF8D /* CustomColor.swift in Sources */ = {isa = PBXBuildFile; fileRef = F640AA4B22D625A600C8FF8D /* CustomColor.swift */; };
		F640AA5322D74F0900C8FF8D /* example.mp3 in Resources */ = {isa = PBXBuildFile; fileRef = F640AA5222D74F0900C8FF8D /* example.mp3 */; };
		F686072522D35E8600B38F8C /* AppDelegate.swift in Sources */ = {isa = PBXBuildFile; fileRef = F686072422D35E8600B38F8C /* AppDelegate.swift */; };
		F686072722D35E8600B38F8C /* ViewController.swift in Sources */ = {isa = PBXBuildFile; fileRef = F686072622D35E8600B38F8C /* ViewController.swift */; };
		F686072A22D35E8600B38F8C /* Main.storyboard in Resources */ = {isa = PBXBuildFile; fileRef = F686072822D35E8600B38F8C /* Main.storyboard */; };
		F686072D22D35E8600B38F8C /* JamFlight.xcdatamodeld in Sources */ = {isa = PBXBuildFile; fileRef = F686072B22D35E8600B38F8C /* JamFlight.xcdatamodeld */; };
		F686072F22D35E8700B38F8C /* Assets.xcassets in Resources */ = {isa = PBXBuildFile; fileRef = F686072E22D35E8700B38F8C /* Assets.xcassets */; };
		F686073222D35E8700B38F8C /* LaunchScreen.storyboard in Resources */ = {isa = PBXBuildFile; fileRef = F686073022D35E8700B38F8C /* LaunchScreen.storyboard */; };
		F686073A22D3714900B38F8C /* Dsp.swift in Sources */ = {isa = PBXBuildFile; fileRef = F686073922D3714900B38F8C /* Dsp.swift */; };
/* End PBXBuildFile section */

/* Begin PBXFileReference section */
		3B30BBCBBA169138E24900AA /* Pods_JamFlight.framework */ = {isa = PBXFileReference; explicitFileType = wrapper.framework; includeInIndex = 0; path = Pods_JamFlight.framework; sourceTree = BUILT_PRODUCTS_DIR; };
		6962654922D8255700FFF803 /* Profile.storyboard */ = {isa = PBXFileReference; lastKnownFileType = file.storyboard; path = Profile.storyboard; sourceTree = "<group>"; };
		6962654B22D8256800FFF803 /* ProfileViewController.swift */ = {isa = PBXFileReference; lastKnownFileType = sourcecode.swift; path = ProfileViewController.swift; sourceTree = "<group>"; };
		6962655122D82CCB00FFF803 /* CustomButton.swift */ = {isa = PBXFileReference; lastKnownFileType = sourcecode.swift; path = CustomButton.swift; sourceTree = "<group>"; };
		6962655322D830D400FFF803 /* CustomCircle.swift */ = {isa = PBXFileReference; lastKnownFileType = sourcecode.swift; path = CustomCircle.swift; sourceTree = "<group>"; };
		8EBFDBC941917B6AE4234FF7 /* Pods-JamFlight.release.xcconfig */ = {isa = PBXFileReference; includeInIndex = 1; lastKnownFileType = text.xcconfig; name = "Pods-JamFlight.release.xcconfig"; path = "Target Support Files/Pods-JamFlight/Pods-JamFlight.release.xcconfig"; sourceTree = "<group>"; };
		E4DA410F0C09CB419BF23E26 /* Pods-JamFlight.debug.xcconfig */ = {isa = PBXFileReference; includeInIndex = 1; lastKnownFileType = text.xcconfig; name = "Pods-JamFlight.debug.xcconfig"; path = "Target Support Files/Pods-JamFlight/Pods-JamFlight.debug.xcconfig"; sourceTree = "<group>"; };
		F640AA4B22D625A600C8FF8D /* CustomColor.swift */ = {isa = PBXFileReference; lastKnownFileType = sourcecode.swift; path = CustomColor.swift; sourceTree = "<group>"; };
		F640AA5222D74F0900C8FF8D /* example.mp3 */ = {isa = PBXFileReference; lastKnownFileType = audio.mp3; path = example.mp3; sourceTree = "<group>"; };
		F686072122D35E8600B38F8C /* JamFlight.app */ = {isa = PBXFileReference; explicitFileType = wrapper.application; includeInIndex = 0; path = JamFlight.app; sourceTree = BUILT_PRODUCTS_DIR; };
		F686072422D35E8600B38F8C /* AppDelegate.swift */ = {isa = PBXFileReference; lastKnownFileType = sourcecode.swift; path = AppDelegate.swift; sourceTree = "<group>"; };
		F686072622D35E8600B38F8C /* ViewController.swift */ = {isa = PBXFileReference; lastKnownFileType = sourcecode.swift; path = ViewController.swift; sourceTree = "<group>"; };
		F686072922D35E8600B38F8C /* Base */ = {isa = PBXFileReference; lastKnownFileType = file.storyboard; name = Base; path = Base.lproj/Main.storyboard; sourceTree = "<group>"; };
		F686072C22D35E8600B38F8C /* JamFlight.xcdatamodel */ = {isa = PBXFileReference; lastKnownFileType = wrapper.xcdatamodel; path = JamFlight.xcdatamodel; sourceTree = "<group>"; };
		F686072E22D35E8700B38F8C /* Assets.xcassets */ = {isa = PBXFileReference; lastKnownFileType = folder.assetcatalog; path = Assets.xcassets; sourceTree = "<group>"; };
		F686073122D35E8700B38F8C /* Base */ = {isa = PBXFileReference; lastKnownFileType = file.storyboard; name = Base; path = Base.lproj/LaunchScreen.storyboard; sourceTree = "<group>"; };
		F686073322D35E8700B38F8C /* Info.plist */ = {isa = PBXFileReference; lastKnownFileType = text.plist.xml; path = Info.plist; sourceTree = "<group>"; };
		F686073922D3714900B38F8C /* Dsp.swift */ = {isa = PBXFileReference; lastKnownFileType = sourcecode.swift; path = Dsp.swift; sourceTree = "<group>"; };
/* End PBXFileReference section */

/* Begin PBXFrameworksBuildPhase section */
		F686071E22D35E8600B38F8C /* Frameworks */ = {
			isa = PBXFrameworksBuildPhase;
			buildActionMask = 2147483647;
			files = (
				6BF21B46B046A07C220806A7 /* Pods_JamFlight.framework in Frameworks */,
			);
			runOnlyForDeploymentPostprocessing = 0;
		};
/* End PBXFrameworksBuildPhase section */

/* Begin PBXGroup section */
		3B67A68CD3E837280FF44636 /* Pods */ = {
			isa = PBXGroup;
			children = (
				E4DA410F0C09CB419BF23E26 /* Pods-JamFlight.debug.xcconfig */,
				8EBFDBC941917B6AE4234FF7 /* Pods-JamFlight.release.xcconfig */,
			);
			path = Pods;
			sourceTree = "<group>";
		};
		6E77E22FD00A11BEEB1B33B1 /* Frameworks */ = {
			isa = PBXGroup;
			children = (
				3B30BBCBBA169138E24900AA /* Pods_JamFlight.framework */,
			);
			name = Frameworks;
			sourceTree = "<group>";
		};
		F640AA5422D7707E00C8FF8D /* Color */ = {
			isa = PBXGroup;
			children = (
				F640AA4B22D625A600C8FF8D /* CustomColor.swift */,
			);
			path = Color;
			sourceTree = "<group>";
		};
		F640AA5522D770BB00C8FF8D /* ViewController */ = {
			isa = PBXGroup;
			children = (
				F686072622D35E8600B38F8C /* ViewController.swift */,
			);
			path = ViewController;
			sourceTree = "<group>";
		};
		F686071822D35E8500B38F8C = {
			isa = PBXGroup;
			children = (
				F686072322D35E8600B38F8C /* JamFlight */,
				F686072222D35E8600B38F8C /* Products */,
				3B67A68CD3E837280FF44636 /* Pods */,
				6E77E22FD00A11BEEB1B33B1 /* Frameworks */,
			);
			sourceTree = "<group>";
		};
		F686072222D35E8600B38F8C /* Products */ = {
			isa = PBXGroup;
			children = (
				F686072122D35E8600B38F8C /* JamFlight.app */,
			);
			name = Products;
			sourceTree = "<group>";
		};
		F686072322D35E8600B38F8C /* JamFlight */ = {
			isa = PBXGroup;
			children = (
				F640AA5222D74F0900C8FF8D /* example.mp3 */,
				F640AA5522D770BB00C8FF8D /* ViewController */,
				F686073B22D371C400B38F8C /* Scoring */,
				F640AA5422D7707E00C8FF8D /* Color */,
				F686072422D35E8600B38F8C /* AppDelegate.swift */,
				F686072822D35E8600B38F8C /* Main.storyboard */,
				F686072E22D35E8700B38F8C /* Assets.xcassets */,
				F686073022D35E8700B38F8C /* LaunchScreen.storyboard */,
				F686073322D35E8700B38F8C /* Info.plist */,
				F686072B22D35E8600B38F8C /* JamFlight.xcdatamodeld */,
				6962654922D8255700FFF803 /* Profile.storyboard */,
				6962654B22D8256800FFF803 /* ProfileViewController.swift */,
				6962655122D82CCB00FFF803 /* CustomButton.swift */,
				6962655322D830D400FFF803 /* CustomCircle.swift */,
			);
			path = JamFlight;
			sourceTree = "<group>";
		};
		F686073B22D371C400B38F8C /* Scoring */ = {
			isa = PBXGroup;
			children = (
				F686073922D3714900B38F8C /* Dsp.swift */,
			);
			path = Scoring;
			sourceTree = "<group>";
		};
/* End PBXGroup section */

/* Begin PBXNativeTarget section */
		F686072022D35E8600B38F8C /* JamFlight */ = {
			isa = PBXNativeTarget;
			buildConfigurationList = F686073622D35E8700B38F8C /* Build configuration list for PBXNativeTarget "JamFlight" */;
			buildPhases = (
				E2D8D8959739CDCE5CBA16DC /* [CP] Check Pods Manifest.lock */,
				F686071D22D35E8600B38F8C /* Sources */,
				F686071E22D35E8600B38F8C /* Frameworks */,
				F686071F22D35E8600B38F8C /* Resources */,
			);
			buildRules = (
			);
			dependencies = (
			);
			name = JamFlight;
			productName = JamFlight;
			productReference = F686072122D35E8600B38F8C /* JamFlight.app */;
			productType = "com.apple.product-type.application";
		};
/* End PBXNativeTarget section */

/* Begin PBXProject section */
		F686071922D35E8500B38F8C /* Project object */ = {
			isa = PBXProject;
			attributes = {
				LastSwiftUpdateCheck = 1020;
				LastUpgradeCheck = 1020;
				ORGANIZATIONNAME = "Muhammad Tafani Rabbani";
				TargetAttributes = {
					F686072022D35E8600B38F8C = {
						CreatedOnToolsVersion = 10.2.1;
					};
				};
			};
			buildConfigurationList = F686071C22D35E8500B38F8C /* Build configuration list for PBXProject "JamFlight" */;
			compatibilityVersion = "Xcode 9.3";
			developmentRegion = en;
			hasScannedForEncodings = 0;
			knownRegions = (
				en,
				Base,
			);
			mainGroup = F686071822D35E8500B38F8C;
			productRefGroup = F686072222D35E8600B38F8C /* Products */;
			projectDirPath = "";
			projectRoot = "";
			targets = (
				F686072022D35E8600B38F8C /* JamFlight */,
			);
		};
/* End PBXProject section */

/* Begin PBXResourcesBuildPhase section */
		F686071F22D35E8600B38F8C /* Resources */ = {
			isa = PBXResourcesBuildPhase;
			buildActionMask = 2147483647;
			files = (
				F686073222D35E8700B38F8C /* LaunchScreen.storyboard in Resources */,
				F640AA5322D74F0900C8FF8D /* example.mp3 in Resources */,
				6962654A22D8255700FFF803 /* Profile.storyboard in Resources */,
				F686072F22D35E8700B38F8C /* Assets.xcassets in Resources */,
				F686072A22D35E8600B38F8C /* Main.storyboard in Resources */,
			);
			runOnlyForDeploymentPostprocessing = 0;
		};
/* End PBXResourcesBuildPhase section */

/* Begin PBXShellScriptBuildPhase section */
		E2D8D8959739CDCE5CBA16DC /* [CP] Check Pods Manifest.lock */ = {
			isa = PBXShellScriptBuildPhase;
			buildActionMask = 2147483647;
			files = (
			);
			inputFileListPaths = (
			);
			inputPaths = (
				"${PODS_PODFILE_DIR_PATH}/Podfile.lock",
				"${PODS_ROOT}/Manifest.lock",
			);
			name = "[CP] Check Pods Manifest.lock";
			outputFileListPaths = (
			);
			outputPaths = (
				"$(DERIVED_FILE_DIR)/Pods-JamFlight-checkManifestLockResult.txt",
			);
			runOnlyForDeploymentPostprocessing = 0;
			shellPath = /bin/sh;
			shellScript = "diff \"${PODS_PODFILE_DIR_PATH}/Podfile.lock\" \"${PODS_ROOT}/Manifest.lock\" > /dev/null\nif [ $? != 0 ] ; then\n    # print error to STDERR\n    echo \"error: The sandbox is not in sync with the Podfile.lock. Run 'pod install' or update your CocoaPods installation.\" >&2\n    exit 1\nfi\n# This output is used by Xcode 'outputs' to avoid re-running this script phase.\necho \"SUCCESS\" > \"${SCRIPT_OUTPUT_FILE_0}\"\n";
			showEnvVarsInLog = 0;
		};
/* End PBXShellScriptBuildPhase section */

/* Begin PBXSourcesBuildPhase section */
		F686071D22D35E8600B38F8C /* Sources */ = {
			isa = PBXSourcesBuildPhase;
			buildActionMask = 2147483647;
			files = (
				6962654C22D8256800FFF803 /* ProfileViewController.swift in Sources */,
				F686072D22D35E8600B38F8C /* JamFlight.xcdatamodeld in Sources */,
				6962655422D830D400FFF803 /* CustomCircle.swift in Sources */,
				F686072722D35E8600B38F8C /* ViewController.swift in Sources */,
				F686072522D35E8600B38F8C /* AppDelegate.swift in Sources */,
				6962655222D82CCB00FFF803 /* CustomButton.swift in Sources */,
				F640AA4C22D625A600C8FF8D /* CustomColor.swift in Sources */,
				F686073A22D3714900B38F8C /* Dsp.swift in Sources */,
			);
			runOnlyForDeploymentPostprocessing = 0;
		};
/* End PBXSourcesBuildPhase section */

/* Begin PBXVariantGroup section */
		F686072822D35E8600B38F8C /* Main.storyboard */ = {
			isa = PBXVariantGroup;
			children = (
				F686072922D35E8600B38F8C /* Base */,
			);
			name = Main.storyboard;
			sourceTree = "<group>";
		};
		F686073022D35E8700B38F8C /* LaunchScreen.storyboard */ = {
			isa = PBXVariantGroup;
			children = (
				F686073122D35E8700B38F8C /* Base */,
			);
			name = LaunchScreen.storyboard;
			sourceTree = "<group>";
		};
/* End PBXVariantGroup section */

/* Begin XCBuildConfiguration section */
		F686073422D35E8700B38F8C /* Debug */ = {
			isa = XCBuildConfiguration;
			buildSettings = {
				ALWAYS_SEARCH_USER_PATHS = NO;
				CLANG_ANALYZER_NONNULL = YES;
				CLANG_ANALYZER_NUMBER_OBJECT_CONVERSION = YES_AGGRESSIVE;
				CLANG_CXX_LANGUAGE_STANDARD = "gnu++14";
				CLANG_CXX_LIBRARY = "libc++";
				CLANG_ENABLE_MODULES = YES;
				CLANG_ENABLE_OBJC_ARC = YES;
				CLANG_ENABLE_OBJC_WEAK = YES;
				CLANG_WARN_BLOCK_CAPTURE_AUTORELEASING = YES;
				CLANG_WARN_BOOL_CONVERSION = YES;
				CLANG_WARN_COMMA = YES;
				CLANG_WARN_CONSTANT_CONVERSION = YES;
				CLANG_WARN_DEPRECATED_OBJC_IMPLEMENTATIONS = YES;
				CLANG_WARN_DIRECT_OBJC_ISA_USAGE = YES_ERROR;
				CLANG_WARN_DOCUMENTATION_COMMENTS = YES;
				CLANG_WARN_EMPTY_BODY = YES;
				CLANG_WARN_ENUM_CONVERSION = YES;
				CLANG_WARN_INFINITE_RECURSION = YES;
				CLANG_WARN_INT_CONVERSION = YES;
				CLANG_WARN_NON_LITERAL_NULL_CONVERSION = YES;
				CLANG_WARN_OBJC_IMPLICIT_RETAIN_SELF = YES;
				CLANG_WARN_OBJC_LITERAL_CONVERSION = YES;
				CLANG_WARN_OBJC_ROOT_CLASS = YES_ERROR;
				CLANG_WARN_RANGE_LOOP_ANALYSIS = YES;
				CLANG_WARN_STRICT_PROTOTYPES = YES;
				CLANG_WARN_SUSPICIOUS_MOVE = YES;
				CLANG_WARN_UNGUARDED_AVAILABILITY = YES_AGGRESSIVE;
				CLANG_WARN_UNREACHABLE_CODE = YES;
				CLANG_WARN__DUPLICATE_METHOD_MATCH = YES;
				CODE_SIGN_IDENTITY = "iPhone Developer";
				COPY_PHASE_STRIP = NO;
				DEBUG_INFORMATION_FORMAT = dwarf;
				ENABLE_STRICT_OBJC_MSGSEND = YES;
				ENABLE_TESTABILITY = YES;
				GCC_C_LANGUAGE_STANDARD = gnu11;
				GCC_DYNAMIC_NO_PIC = NO;
				GCC_NO_COMMON_BLOCKS = YES;
				GCC_OPTIMIZATION_LEVEL = 0;
				GCC_PREPROCESSOR_DEFINITIONS = (
					"DEBUG=1",
					"$(inherited)",
				);
				GCC_WARN_64_TO_32_BIT_CONVERSION = YES;
				GCC_WARN_ABOUT_RETURN_TYPE = YES_ERROR;
				GCC_WARN_UNDECLARED_SELECTOR = YES;
				GCC_WARN_UNINITIALIZED_AUTOS = YES_AGGRESSIVE;
				GCC_WARN_UNUSED_FUNCTION = YES;
				GCC_WARN_UNUSED_VARIABLE = YES;
				IPHONEOS_DEPLOYMENT_TARGET = 12.2;
				MTL_ENABLE_DEBUG_INFO = INCLUDE_SOURCE;
				MTL_FAST_MATH = YES;
				ONLY_ACTIVE_ARCH = YES;
				SDKROOT = iphoneos;
				SWIFT_ACTIVE_COMPILATION_CONDITIONS = DEBUG;
				SWIFT_OPTIMIZATION_LEVEL = "-Onone";
			};
			name = Debug;
		};
		F686073522D35E8700B38F8C /* Release */ = {
			isa = XCBuildConfiguration;
			buildSettings = {
				ALWAYS_SEARCH_USER_PATHS = NO;
				CLANG_ANALYZER_NONNULL = YES;
				CLANG_ANALYZER_NUMBER_OBJECT_CONVERSION = YES_AGGRESSIVE;
				CLANG_CXX_LANGUAGE_STANDARD = "gnu++14";
				CLANG_CXX_LIBRARY = "libc++";
				CLANG_ENABLE_MODULES = YES;
				CLANG_ENABLE_OBJC_ARC = YES;
				CLANG_ENABLE_OBJC_WEAK = YES;
				CLANG_WARN_BLOCK_CAPTURE_AUTORELEASING = YES;
				CLANG_WARN_BOOL_CONVERSION = YES;
				CLANG_WARN_COMMA = YES;
				CLANG_WARN_CONSTANT_CONVERSION = YES;
				CLANG_WARN_DEPRECATED_OBJC_IMPLEMENTATIONS = YES;
				CLANG_WARN_DIRECT_OBJC_ISA_USAGE = YES_ERROR;
				CLANG_WARN_DOCUMENTATION_COMMENTS = YES;
				CLANG_WARN_EMPTY_BODY = YES;
				CLANG_WARN_ENUM_CONVERSION = YES;
				CLANG_WARN_INFINITE_RECURSION = YES;
				CLANG_WARN_INT_CONVERSION = YES;
				CLANG_WARN_NON_LITERAL_NULL_CONVERSION = YES;
				CLANG_WARN_OBJC_IMPLICIT_RETAIN_SELF = YES;
				CLANG_WARN_OBJC_LITERAL_CONVERSION = YES;
				CLANG_WARN_OBJC_ROOT_CLASS = YES_ERROR;
				CLANG_WARN_RANGE_LOOP_ANALYSIS = YES;
				CLANG_WARN_STRICT_PROTOTYPES = YES;
				CLANG_WARN_SUSPICIOUS_MOVE = YES;
				CLANG_WARN_UNGUARDED_AVAILABILITY = YES_AGGRESSIVE;
				CLANG_WARN_UNREACHABLE_CODE = YES;
				CLANG_WARN__DUPLICATE_METHOD_MATCH = YES;
				CODE_SIGN_IDENTITY = "iPhone Developer";
				COPY_PHASE_STRIP = NO;
				DEBUG_INFORMATION_FORMAT = "dwarf-with-dsym";
				ENABLE_NS_ASSERTIONS = NO;
				ENABLE_STRICT_OBJC_MSGSEND = YES;
				GCC_C_LANGUAGE_STANDARD = gnu11;
				GCC_NO_COMMON_BLOCKS = YES;
				GCC_WARN_64_TO_32_BIT_CONVERSION = YES;
				GCC_WARN_ABOUT_RETURN_TYPE = YES_ERROR;
				GCC_WARN_UNDECLARED_SELECTOR = YES;
				GCC_WARN_UNINITIALIZED_AUTOS = YES_AGGRESSIVE;
				GCC_WARN_UNUSED_FUNCTION = YES;
				GCC_WARN_UNUSED_VARIABLE = YES;
				IPHONEOS_DEPLOYMENT_TARGET = 12.2;
				MTL_ENABLE_DEBUG_INFO = NO;
				MTL_FAST_MATH = YES;
				SDKROOT = iphoneos;
				SWIFT_COMPILATION_MODE = wholemodule;
				SWIFT_OPTIMIZATION_LEVEL = "-O";
				VALIDATE_PRODUCT = YES;
			};
			name = Release;
		};
		F686073722D35E8700B38F8C /* Debug */ = {
			isa = XCBuildConfiguration;
			baseConfigurationReference = E4DA410F0C09CB419BF23E26 /* Pods-JamFlight.debug.xcconfig */;
			buildSettings = {
				ASSETCATALOG_COMPILER_APPICON_NAME = AppIcon;
				CODE_SIGN_STYLE = Automatic;
				DEVELOPMENT_TEAM = 52RX5R54N7;
				INFOPLIST_FILE = JamFlight/Info.plist;
				LD_RUNPATH_SEARCH_PATHS = (
					"$(inherited)",
					"@executable_path/Frameworks",
				);
				PRODUCT_BUNDLE_IDENTIFIER = Trence.JamFlight;
				PRODUCT_NAME = "$(TARGET_NAME)";
				SWIFT_VERSION = 5.0;
				TARGETED_DEVICE_FAMILY = "1,2";
			};
			name = Debug;
		};
		F686073822D35E8700B38F8C /* Release */ = {
			isa = XCBuildConfiguration;
			baseConfigurationReference = 8EBFDBC941917B6AE4234FF7 /* Pods-JamFlight.release.xcconfig */;
			buildSettings = {
				ASSETCATALOG_COMPILER_APPICON_NAME = AppIcon;
				CODE_SIGN_STYLE = Automatic;
				DEVELOPMENT_TEAM = 52RX5R54N7;
				INFOPLIST_FILE = JamFlight/Info.plist;
				LD_RUNPATH_SEARCH_PATHS = (
					"$(inherited)",
					"@executable_path/Frameworks",
				);
				PRODUCT_BUNDLE_IDENTIFIER = Trence.JamFlight;
				PRODUCT_NAME = "$(TARGET_NAME)";
				SWIFT_VERSION = 5.0;
				TARGETED_DEVICE_FAMILY = "1,2";
			};
			name = Release;
		};
/* End XCBuildConfiguration section */

/* Begin XCConfigurationList section */
		F686071C22D35E8500B38F8C /* Build configuration list for PBXProject "JamFlight" */ = {
			isa = XCConfigurationList;
			buildConfigurations = (
				F686073422D35E8700B38F8C /* Debug */,
				F686073522D35E8700B38F8C /* Release */,
			);
			defaultConfigurationIsVisible = 0;
			defaultConfigurationName = Release;
		};
		F686073622D35E8700B38F8C /* Build configuration list for PBXNativeTarget "JamFlight" */ = {
			isa = XCConfigurationList;
			buildConfigurations = (
				F686073722D35E8700B38F8C /* Debug */,
				F686073822D35E8700B38F8C /* Release */,
			);
			defaultConfigurationIsVisible = 0;
			defaultConfigurationName = Release;
		};
/* End XCConfigurationList section */

/* Begin XCVersionGroup section */
		F686072B22D35E8600B38F8C /* JamFlight.xcdatamodeld */ = {
			isa = XCVersionGroup;
			children = (
				F686072C22D35E8600B38F8C /* JamFlight.xcdatamodel */,
			);
			currentVersion = F686072C22D35E8600B38F8C /* JamFlight.xcdatamodel */;
			path = JamFlight.xcdatamodeld;
			sourceTree = "<group>";
			versionGroupType = wrapper.xcdatamodel;
		};
/* End XCVersionGroup section */
	};
	rootObject = F686071922D35E8500B38F8C /* Project object */;
}
